
Microsoft Visual Studio Solution File, Format Version 12.00
# Visual Studio Version 17
VisualStudioVersion = 17.6.33815.320
MinimumVisualStudioVersion = 10.0.40219.1
Project("{FAE04EC0-301F-11D3-BF4B-00C04F79EFBC}") = "RevitTest", "RevitTest\RevitTest.csproj", "{6673423F-1EE1-4174-B99A-B8744F0BB111}"
EndProject
Global
	GlobalSection(SolutionConfigurationPlatforms) = preSolution
		Debug|Any CPU = Debug|Any CPU
		Release|Any CPU = Release|Any CPU
	EndGlobalSection
	GlobalSection(ProjectConfigurationPlatforms) = postSolution
		{6673423F-1EE1-4174-B99A-B8744F0BB111}.Debug|Any CPU.ActiveCfg = Debug|Any CPU
		{6673423F-1EE1-4174-B99A-B8744F0BB111}.Debug|Any CPU.Build.0 = Debug|Any CPU
		{6673423F-1EE1-4174-B99A-B8744F0BB111}.Release|Any CPU.ActiveCfg = Release|Any CPU
		{6673423F-1EE1-4174-B99A-B8744F0BB111}.Release|Any CPU.Build.0 = Release|Any CPU
	EndGlobalSection
	GlobalSection(SolutionProperties) = preSolution
		HideSolutionNode = FALSE
	EndGlobalSection
	GlobalSection(ExtensibilityGlobals) = postSolution
		SolutionGuid = {403F62B6-0826-4CBD-AF91-08F2DA9757E7}
	EndGlobalSection
EndGlobal
